
Microsoft Visual Studio Solution File, Format Version 12.00
# Visual Studio 2013
VisualStudioVersion = 12.0.40629.0
MinimumVisualStudioVersion = 10.0.40219.1
Project("{FAE04EC0-301F-11D3-BF4B-00C04F79EFBC}") = "CommandLine", "CommandLine\CommandLine.csproj", "{53B1B4A5-1FDF-41EF-BEA9-652E91A7D2EE}"
EndProject
Project("{FAE04EC0-301F-11D3-BF4B-00C04F79EFBC}") = "PathFinding", "PathFinding\PathFinding.csproj", "{6015AECE-1F1C-4369-9F68-C7412E47CF8D}"
EndProject
Project("{FAE04EC0-301F-11D3-BF4B-00C04F79EFBC}") = "PathFindingTests", "PathFindingTests\PathFindingTests.csproj", "{513914F2-5EC0-4935-9993-C5A3121886CB}"
EndProject
Global
	GlobalSection(SolutionConfigurationPlatforms) = preSolution
		Debug|Any CPU = Debug|Any CPU
		Release|Any CPU = Release|Any CPU
	EndGlobalSection
	GlobalSection(ProjectConfigurationPlatforms) = postSolution
		{53B1B4A5-1FDF-41EF-BEA9-652E91A7D2EE}.Debug|Any CPU.ActiveCfg = Debug|Any CPU
		{53B1B4A5-1FDF-41EF-BEA9-652E91A7D2EE}.Debug|Any CPU.Build.0 = Debug|Any CPU
		{53B1B4A5-1FDF-41EF-BEA9-652E91A7D2EE}.Release|Any CPU.ActiveCfg = Release|Any CPU
		{53B1B4A5-1FDF-41EF-BEA9-652E91A7D2EE}.Release|Any CPU.Build.0 = Release|Any CPU
		{6015AECE-1F1C-4369-9F68-C7412E47CF8D}.Debug|Any CPU.ActiveCfg = Debug|Any CPU
		{6015AECE-1F1C-4369-9F68-C7412E47CF8D}.Debug|Any CPU.Build.0 = Debug|Any CPU
		{6015AECE-1F1C-4369-9F68-C7412E47CF8D}.Release|Any CPU.ActiveCfg = Release|Any CPU
		{6015AECE-1F1C-4369-9F68-C7412E47CF8D}.Release|Any CPU.Build.0 = Release|Any CPU
		{513914F2-5EC0-4935-9993-C5A3121886CB}.Debug|Any CPU.ActiveCfg = Debug|Any CPU
		{513914F2-5EC0-4935-9993-C5A3121886CB}.Debug|Any CPU.Build.0 = Debug|Any CPU
		{513914F2-5EC0-4935-9993-C5A3121886CB}.Release|Any CPU.ActiveCfg = Release|Any CPU
		{513914F2-5EC0-4935-9993-C5A3121886CB}.Release|Any CPU.Build.0 = Release|Any CPU
	EndGlobalSection
	GlobalSection(SolutionProperties) = preSolution
		HideSolutionNode = FALSE
	EndGlobalSection
EndGlobal
